
Microsoft Visual Studio Solution File, Format Version 12.00
# Visual Studio Version 16
VisualStudioVersion = 16.0.30907.101
MinimumVisualStudioVersion = 10.0.40219.1
Project("{FAE04EC0-301F-11D3-BF4B-00C04F79EFBC}") = "DomaciSalonAutomobila", "DomaciSalonAutomobila\DomaciSalonAutomobila.csproj", "{98A964A6-5FBF-4B56-932B-AF79A75E4839}"
EndProject
Global
	GlobalSection(SolutionConfigurationPlatforms) = preSolution
		Debug|Any CPU = Debug|Any CPU
		Release|Any CPU = Release|Any CPU
	EndGlobalSection
	GlobalSection(ProjectConfigurationPlatforms) = postSolution
		{98A964A6-5FBF-4B56-932B-AF79A75E4839}.Debug|Any CPU.ActiveCfg = Debug|Any CPU
		{98A964A6-5FBF-4B56-932B-AF79A75E4839}.Debug|Any CPU.Build.0 = Debug|Any CPU
		{98A964A6-5FBF-4B56-932B-AF79A75E4839}.Release|Any CPU.ActiveCfg = Release|Any CPU
		{98A964A6-5FBF-4B56-932B-AF79A75E4839}.Release|Any CPU.Build.0 = Release|Any CPU
	EndGlobalSection
	GlobalSection(SolutionProperties) = preSolution
		HideSolutionNode = FALSE
	EndGlobalSection
	GlobalSection(ExtensibilityGlobals) = postSolution
		SolutionGuid = {835359EA-4074-470A-AF11-FCD6E58EFF48}
	EndGlobalSection
EndGlobal
